
Microsoft Visual Studio Solution File, Format Version 12.00
# Visual Studio Version 17
VisualStudioVersion = 17.3.32929.385
MinimumVisualStudioVersion = 10.0.40219.1
Project("{FAE04EC0-301F-11D3-BF4B-00C04F79EFBC}") = "RevitAPITraining_Task5_1", "RevitAPITraining_Task5_1\RevitAPITraining_Task5_1.csproj", "{7B58972B-F739-4608-BEFC-66B950009D65}"
EndProject
Project("{FAE04EC0-301F-11D3-BF4B-00C04F79EFBC}") = "RevitAPITraining_Task5_2", "RevitAPITraining_Task5_2\RevitAPITraining_Task5_2.csproj", "{FC593FA4-4B60-47B6-9E55-04C0C1227F88}"
EndProject
Global
	GlobalSection(SolutionConfigurationPlatforms) = preSolution
		Debug|Any CPU = Debug|Any CPU
		Release|Any CPU = Release|Any CPU
	EndGlobalSection
	GlobalSection(ProjectConfigurationPlatforms) = postSolution
		{7B58972B-F739-4608-BEFC-66B950009D65}.Debug|Any CPU.ActiveCfg = Debug|Any CPU
		{7B58972B-F739-4608-BEFC-66B950009D65}.Debug|Any CPU.Build.0 = Debug|Any CPU
		{7B58972B-F739-4608-BEFC-66B950009D65}.Release|Any CPU.ActiveCfg = Release|Any CPU
		{7B58972B-F739-4608-BEFC-66B950009D65}.Release|Any CPU.Build.0 = Release|Any CPU
		{FC593FA4-4B60-47B6-9E55-04C0C1227F88}.Debug|Any CPU.ActiveCfg = Debug|Any CPU
		{FC593FA4-4B60-47B6-9E55-04C0C1227F88}.Debug|Any CPU.Build.0 = Debug|Any CPU
		{FC593FA4-4B60-47B6-9E55-04C0C1227F88}.Release|Any CPU.ActiveCfg = Release|Any CPU
		{FC593FA4-4B60-47B6-9E55-04C0C1227F88}.Release|Any CPU.Build.0 = Release|Any CPU
	EndGlobalSection
	GlobalSection(SolutionProperties) = preSolution
		HideSolutionNode = FALSE
	EndGlobalSection
	GlobalSection(ExtensibilityGlobals) = postSolution
		SolutionGuid = {D3ABE10C-47A5-4D28-9181-F9351891117B}
	EndGlobalSection
EndGlobal
